
Microsoft Visual Studio Solution File, Format Version 12.00
# Visual Studio 15
VisualStudioVersion = 15.0.28307.1433
MinimumVisualStudioVersion = 10.0.40219.1
Project("{FAE04EC0-301F-11D3-BF4B-00C04F79EFBC}") = "EnrollmentManager.UI", "EnrollmentManager.UI\EnrollmentManager.UI.csproj", "{A965E6EE-9C9E-4C52-A2FF-020B1B4E0239}"
EndProject
Project("{FAE04EC0-301F-11D3-BF4B-00C04F79EFBC}") = "EnrollmentManager.DATA", "EnrollmentManger.DATA\EnrollmentManager.DATA.csproj", "{4324BF91-9942-4199-AFB1-0CCF6D93DDEB}"
EndProject
Global
	GlobalSection(SolutionConfigurationPlatforms) = preSolution
		Debug|Any CPU = Debug|Any CPU
		Release|Any CPU = Release|Any CPU
	EndGlobalSection
	GlobalSection(ProjectConfigurationPlatforms) = postSolution
		{A965E6EE-9C9E-4C52-A2FF-020B1B4E0239}.Debug|Any CPU.ActiveCfg = Debug|Any CPU
		{A965E6EE-9C9E-4C52-A2FF-020B1B4E0239}.Debug|Any CPU.Build.0 = Debug|Any CPU
		{A965E6EE-9C9E-4C52-A2FF-020B1B4E0239}.Release|Any CPU.ActiveCfg = Release|Any CPU
		{A965E6EE-9C9E-4C52-A2FF-020B1B4E0239}.Release|Any CPU.Build.0 = Release|Any CPU
		{4324BF91-9942-4199-AFB1-0CCF6D93DDEB}.Debug|Any CPU.ActiveCfg = Debug|Any CPU
		{4324BF91-9942-4199-AFB1-0CCF6D93DDEB}.Debug|Any CPU.Build.0 = Debug|Any CPU
		{4324BF91-9942-4199-AFB1-0CCF6D93DDEB}.Release|Any CPU.ActiveCfg = Release|Any CPU
		{4324BF91-9942-4199-AFB1-0CCF6D93DDEB}.Release|Any CPU.Build.0 = Release|Any CPU
	EndGlobalSection
	GlobalSection(SolutionProperties) = preSolution
		HideSolutionNode = FALSE
	EndGlobalSection
	GlobalSection(ExtensibilityGlobals) = postSolution
		SolutionGuid = {F20CA2FF-CD38-4E5C-A864-C22085B1F6B9}
	EndGlobalSection
EndGlobal
